
Microsoft Visual Studio Solution File, Format Version 12.00
# Visual Studio 14
VisualStudioVersion = 14.0.25420.1
MinimumVisualStudioVersion = 10.0.40219.1
Project("{FAE04EC0-301F-11D3-BF4B-00C04F79EFBC}") = "SalesApp.Droid", "SalesApp.Droid\SalesApp.Droid.csproj", "{7E8B92ED-B0BE-4173-91E2-3901622C713F}"
	ProjectSection(ProjectDependencies) = postProject
		{6E5CBBC0-9C5B-40E6-9BB7-3E6FB00274D4} = {6E5CBBC0-9C5B-40E6-9BB7-3E6FB00274D4}
	EndProjectSection
EndProject
Project("{FAE04EC0-301F-11D3-BF4B-00C04F79EFBC}") = "SalesApp.Core", "SalesApp.Core\SalesApp.Core.csproj", "{6E5CBBC0-9C5B-40E6-9BB7-3E6FB00274D4}"
EndProject
Project("{FAE04EC0-301F-11D3-BF4B-00C04F79EFBC}") = "SalesApp.Core.Tests", "SalesApp.Core.Tests\SalesApp.Core.Tests.csproj", "{F6207E47-B771-4C2B-B963-BAF77C6FBEE9}"
Global
	GlobalSection(SolutionConfigurationPlatforms) = preSolution
		Debug|Any CPU = Debug|Any CPU
		Debug|ARM = Debug|ARM
		Debug|iPhone = Debug|iPhone
		Debug|iPhoneSimulator = Debug|iPhoneSimulator
		Debug|Mixed Platforms = Debug|Mixed Platforms
		Debug|x86 = Debug|x86
		Release|Any CPU = Release|Any CPU
		Release|ARM = Release|ARM
		Release|iPhone = Release|iPhone
		Release|iPhoneSimulator = Release|iPhoneSimulator
		Release|Mixed Platforms = Release|Mixed Platforms
		Release|x86 = Release|x86
		Staging|Any CPU = Staging|Any CPU
		Staging|ARM = Staging|ARM
		Staging|iPhone = Staging|iPhone
		Staging|iPhoneSimulator = Staging|iPhoneSimulator
		Staging|Mixed Platforms = Staging|Mixed Platforms
		Staging|x86 = Staging|x86
		UAT|Any CPU = UAT|Any CPU
		UAT|ARM = UAT|ARM
		UAT|iPhone = UAT|iPhone
		UAT|iPhoneSimulator = UAT|iPhoneSimulator
		UAT|Mixed Platforms = UAT|Mixed Platforms
		UAT|x86 = UAT|x86
	EndGlobalSection
	GlobalSection(ProjectConfigurationPlatforms) = postSolution
		{7E8B92ED-B0BE-4173-91E2-3901622C713F}.Debug|Any CPU.ActiveCfg = Debug|Any CPU
		{7E8B92ED-B0BE-4173-91E2-3901622C713F}.Debug|Any CPU.Build.0 = Debug|Any CPU
		{7E8B92ED-B0BE-4173-91E2-3901622C713F}.Debug|Any CPU.Deploy.0 = Debug|Any CPU
		{7E8B92ED-B0BE-4173-91E2-3901622C713F}.Debug|ARM.ActiveCfg = Debug|Any CPU
		{7E8B92ED-B0BE-4173-91E2-3901622C713F}.Debug|iPhone.ActiveCfg = Debug|Any CPU
		{7E8B92ED-B0BE-4173-91E2-3901622C713F}.Debug|iPhoneSimulator.ActiveCfg = Debug|Any CPU
		{7E8B92ED-B0BE-4173-91E2-3901622C713F}.Debug|Mixed Platforms.ActiveCfg = Debug|Any CPU
		{7E8B92ED-B0BE-4173-91E2-3901622C713F}.Debug|Mixed Platforms.Build.0 = Debug|Any CPU
		{7E8B92ED-B0BE-4173-91E2-3901622C713F}.Debug|Mixed Platforms.Deploy.0 = Debug|Any CPU
		{7E8B92ED-B0BE-4173-91E2-3901622C713F}.Debug|x86.ActiveCfg = Debug|Any CPU
		{7E8B92ED-B0BE-4173-91E2-3901622C713F}.Release|Any CPU.ActiveCfg = Release|Any CPU
		{7E8B92ED-B0BE-4173-91E2-3901622C713F}.Release|Any CPU.Build.0 = Release|Any CPU
		{7E8B92ED-B0BE-4173-91E2-3901622C713F}.Release|Any CPU.Deploy.0 = Release|Any CPU
		{7E8B92ED-B0BE-4173-91E2-3901622C713F}.Release|ARM.ActiveCfg = Release|Any CPU
		{7E8B92ED-B0BE-4173-91E2-3901622C713F}.Release|iPhone.ActiveCfg = Release|Any CPU
		{7E8B92ED-B0BE-4173-91E2-3901622C713F}.Release|iPhoneSimulator.ActiveCfg = Release|Any CPU
		{7E8B92ED-B0BE-4173-91E2-3901622C713F}.Release|Mixed Platforms.ActiveCfg = Release|Any CPU
		{7E8B92ED-B0BE-4173-91E2-3901622C713F}.Release|Mixed Platforms.Build.0 = Release|Any CPU
		{7E8B92ED-B0BE-4173-91E2-3901622C713F}.Release|Mixed Platforms.Deploy.0 = Release|Any CPU
		{7E8B92ED-B0BE-4173-91E2-3901622C713F}.Release|x86.ActiveCfg = Release|Any CPU
		{7E8B92ED-B0BE-4173-91E2-3901622C713F}.Staging|Any CPU.ActiveCfg = Staging|Any CPU
		{7E8B92ED-B0BE-4173-91E2-3901622C713F}.Staging|Any CPU.Build.0 = Staging|Any CPU
		{7E8B92ED-B0BE-4173-91E2-3901622C713F}.Staging|Any CPU.Deploy.0 = Staging|Any CPU
		{7E8B92ED-B0BE-4173-91E2-3901622C713F}.Staging|ARM.ActiveCfg = Release|Any CPU
		{7E8B92ED-B0BE-4173-91E2-3901622C713F}.Staging|ARM.Build.0 = Release|Any CPU
		{7E8B92ED-B0BE-4173-91E2-3901622C713F}.Staging|ARM.Deploy.0 = Release|Any CPU
		{7E8B92ED-B0BE-4173-91E2-3901622C713F}.Staging|iPhone.ActiveCfg = Release|Any CPU
		{7E8B92ED-B0BE-4173-91E2-3901622C713F}.Staging|iPhone.Build.0 = Release|Any CPU
		{7E8B92ED-B0BE-4173-91E2-3901622C713F}.Staging|iPhone.Deploy.0 = Release|Any CPU
		{7E8B92ED-B0BE-4173-91E2-3901622C713F}.Staging|iPhoneSimulator.ActiveCfg = Release|Any CPU
		{7E8B92ED-B0BE-4173-91E2-3901622C713F}.Staging|iPhoneSimulator.Build.0 = Release|Any CPU
		{7E8B92ED-B0BE-4173-91E2-3901622C713F}.Staging|iPhoneSimulator.Deploy.0 = Release|Any CPU
		{7E8B92ED-B0BE-4173-91E2-3901622C713F}.Staging|Mixed Platforms.ActiveCfg = Staging|Any CPU
		{7E8B92ED-B0BE-4173-91E2-3901622C713F}.Staging|Mixed Platforms.Build.0 = Staging|Any CPU
		{7E8B92ED-B0BE-4173-91E2-3901622C713F}.Staging|Mixed Platforms.Deploy.0 = Staging|Any CPU
		{7E8B92ED-B0BE-4173-91E2-3901622C713F}.Staging|x86.ActiveCfg = Release|Any CPU
		{7E8B92ED-B0BE-4173-91E2-3901622C713F}.Staging|x86.Build.0 = Release|Any CPU
		{7E8B92ED-B0BE-4173-91E2-3901622C713F}.Staging|x86.Deploy.0 = Release|Any CPU
		{7E8B92ED-B0BE-4173-91E2-3901622C713F}.UAT|Any CPU.ActiveCfg = Debug|Any CPU
		{7E8B92ED-B0BE-4173-91E2-3901622C713F}.UAT|Any CPU.Build.0 = Debug|Any CPU
		{7E8B92ED-B0BE-4173-91E2-3901622C713F}.UAT|Any CPU.Deploy.0 = Debug|Any CPU
		{7E8B92ED-B0BE-4173-91E2-3901622C713F}.UAT|ARM.ActiveCfg = Release|Any CPU
		{7E8B92ED-B0BE-4173-91E2-3901622C713F}.UAT|ARM.Build.0 = Release|Any CPU
		{7E8B92ED-B0BE-4173-91E2-3901622C713F}.UAT|ARM.Deploy.0 = Release|Any CPU
		{7E8B92ED-B0BE-4173-91E2-3901622C713F}.UAT|iPhone.ActiveCfg = Release|Any CPU
		{7E8B92ED-B0BE-4173-91E2-3901622C713F}.UAT|iPhone.Build.0 = Release|Any CPU
		{7E8B92ED-B0BE-4173-91E2-3901622C713F}.UAT|iPhone.Deploy.0 = Release|Any CPU
		{7E8B92ED-B0BE-4173-91E2-3901622C713F}.UAT|iPhoneSimulator.ActiveCfg = Release|Any CPU
		{7E8B92ED-B0BE-4173-91E2-3901622C713F}.UAT|iPhoneSimulator.Build.0 = Release|Any CPU
		{7E8B92ED-B0BE-4173-91E2-3901622C713F}.UAT|iPhoneSimulator.Deploy.0 = Release|Any CPU
		{7E8B92ED-B0BE-4173-91E2-3901622C713F}.UAT|Mixed Platforms.ActiveCfg = Release|Any CPU
		{7E8B92ED-B0BE-4173-91E2-3901622C713F}.UAT|Mixed Platforms.Build.0 = Release|Any CPU
		{7E8B92ED-B0BE-4173-91E2-3901622C713F}.UAT|Mixed Platforms.Deploy.0 = Release|Any CPU
		{7E8B92ED-B0BE-4173-91E2-3901622C713F}.UAT|x86.ActiveCfg = Release|Any CPU
		{7E8B92ED-B0BE-4173-91E2-3901622C713F}.UAT|x86.Build.0 = Release|Any CPU
		{7E8B92ED-B0BE-4173-91E2-3901622C713F}.UAT|x86.Deploy.0 = Release|Any CPU
		{6E5CBBC0-9C5B-40E6-9BB7-3E6FB00274D4}.Debug|Any CPU.ActiveCfg = Debug|Any CPU
		{6E5CBBC0-9C5B-40E6-9BB7-3E6FB00274D4}.Debug|Any CPU.Build.0 = Debug|Any CPU
		{6E5CBBC0-9C5B-40E6-9BB7-3E6FB00274D4}.Debug|ARM.ActiveCfg = Debug|Any CPU
		{6E5CBBC0-9C5B-40E6-9BB7-3E6FB00274D4}.Debug|iPhone.ActiveCfg = Debug|Any CPU
		{6E5CBBC0-9C5B-40E6-9BB7-3E6FB00274D4}.Debug|iPhoneSimulator.ActiveCfg = Debug|Any CPU
		{6E5CBBC0-9C5B-40E6-9BB7-3E6FB00274D4}.Debug|Mixed Platforms.ActiveCfg = Debug|Any CPU
		{6E5CBBC0-9C5B-40E6-9BB7-3E6FB00274D4}.Debug|Mixed Platforms.Build.0 = Debug|Any CPU
		{6E5CBBC0-9C5B-40E6-9BB7-3E6FB00274D4}.Debug|x86.ActiveCfg = Debug|Any CPU
		{6E5CBBC0-9C5B-40E6-9BB7-3E6FB00274D4}.Release|Any CPU.ActiveCfg = Release|Any CPU
		{6E5CBBC0-9C5B-40E6-9BB7-3E6FB00274D4}.Release|Any CPU.Build.0 = Release|Any CPU
		{6E5CBBC0-9C5B-40E6-9BB7-3E6FB00274D4}.Release|ARM.ActiveCfg = Release|Any CPU
		{6E5CBBC0-9C5B-40E6-9BB7-3E6FB00274D4}.Release|iPhone.ActiveCfg = Release|Any CPU
		{6E5CBBC0-9C5B-40E6-9BB7-3E6FB00274D4}.Release|iPhoneSimulator.ActiveCfg = Release|Any CPU
		{6E5CBBC0-9C5B-40E6-9BB7-3E6FB00274D4}.Release|Mixed Platforms.ActiveCfg = Release|Any CPU
		{6E5CBBC0-9C5B-40E6-9BB7-3E6FB00274D4}.Release|Mixed Platforms.Build.0 = Release|Any CPU
		{6E5CBBC0-9C5B-40E6-9BB7-3E6FB00274D4}.Release|x86.ActiveCfg = Release|Any CPU
		{6E5CBBC0-9C5B-40E6-9BB7-3E6FB00274D4}.Staging|Any CPU.ActiveCfg = Staging|Any CPU
		{6E5CBBC0-9C5B-40E6-9BB7-3E6FB00274D4}.Staging|Any CPU.Build.0 = Staging|Any CPU
		{6E5CBBC0-9C5B-40E6-9BB7-3E6FB00274D4}.Staging|ARM.ActiveCfg = Release|Any CPU
		{6E5CBBC0-9C5B-40E6-9BB7-3E6FB00274D4}.Staging|ARM.Build.0 = Release|Any CPU
		{6E5CBBC0-9C5B-40E6-9BB7-3E6FB00274D4}.Staging|iPhone.ActiveCfg = Release|Any CPU
		{6E5CBBC0-9C5B-40E6-9BB7-3E6FB00274D4}.Staging|iPhone.Build.0 = Release|Any CPU
		{6E5CBBC0-9C5B-40E6-9BB7-3E6FB00274D4}.Staging|iPhoneSimulator.ActiveCfg = Release|Any CPU
		{6E5CBBC0-9C5B-40E6-9BB7-3E6FB00274D4}.Staging|iPhoneSimulator.Build.0 = Release|Any CPU
		{6E5CBBC0-9C5B-40E6-9BB7-3E6FB00274D4}.Staging|Mixed Platforms.ActiveCfg = Staging|Any CPU
		{6E5CBBC0-9C5B-40E6-9BB7-3E6FB00274D4}.Staging|Mixed Platforms.Build.0 = Staging|Any CPU
		{6E5CBBC0-9C5B-40E6-9BB7-3E6FB00274D4}.Staging|x86.ActiveCfg = Release|Any CPU
		{6E5CBBC0-9C5B-40E6-9BB7-3E6FB00274D4}.Staging|x86.Build.0 = Release|Any CPU
		{6E5CBBC0-9C5B-40E6-9BB7-3E6FB00274D4}.UAT|Any CPU.ActiveCfg = Debug|Any CPU
		{6E5CBBC0-9C5B-40E6-9BB7-3E6FB00274D4}.UAT|Any CPU.Build.0 = Debug|Any CPU
		{6E5CBBC0-9C5B-40E6-9BB7-3E6FB00274D4}.UAT|ARM.ActiveCfg = Release|Any CPU
		{6E5CBBC0-9C5B-40E6-9BB7-3E6FB00274D4}.UAT|ARM.Build.0 = Release|Any CPU
		{6E5CBBC0-9C5B-40E6-9BB7-3E6FB00274D4}.UAT|iPhone.ActiveCfg = Release|Any CPU
		{6E5CBBC0-9C5B-40E6-9BB7-3E6FB00274D4}.UAT|iPhone.Build.0 = Release|Any CPU
		{6E5CBBC0-9C5B-40E6-9BB7-3E6FB00274D4}.UAT|iPhoneSimulator.ActiveCfg = Release|Any CPU
		{6E5CBBC0-9C5B-40E6-9BB7-3E6FB00274D4}.UAT|iPhoneSimulator.Build.0 = Release|Any CPU
		{6E5CBBC0-9C5B-40E6-9BB7-3E6FB00274D4}.UAT|Mixed Platforms.ActiveCfg = Release|Any CPU
		{6E5CBBC0-9C5B-40E6-9BB7-3E6FB00274D4}.UAT|Mixed Platforms.Build.0 = Release|Any CPU
		{6E5CBBC0-9C5B-40E6-9BB7-3E6FB00274D4}.UAT|x86.ActiveCfg = Release|Any CPU
		{6E5CBBC0-9C5B-40E6-9BB7-3E6FB00274D4}.UAT|x86.Build.0 = Release|Any CPU
		{F6207E47-B771-4C2B-B963-BAF77C6FBEE9}.Debug|Any CPU.ActiveCfg = Debug|Any CPU
		{F6207E47-B771-4C2B-B963-BAF77C6FBEE9}.Debug|Any CPU.Build.0 = Debug|Any CPU
		{F6207E47-B771-4C2B-B963-BAF77C6FBEE9}.Debug|ARM.ActiveCfg = Debug|Any CPU
		{F6207E47-B771-4C2B-B963-BAF77C6FBEE9}.Debug|iPhone.ActiveCfg = Debug|Any CPU
		{F6207E47-B771-4C2B-B963-BAF77C6FBEE9}.Debug|iPhoneSimulator.ActiveCfg = Debug|Any CPU
		{F6207E47-B771-4C2B-B963-BAF77C6FBEE9}.Debug|Mixed Platforms.ActiveCfg = Debug|Any CPU
		{F6207E47-B771-4C2B-B963-BAF77C6FBEE9}.Debug|Mixed Platforms.Build.0 = Debug|Any CPU
		{F6207E47-B771-4C2B-B963-BAF77C6FBEE9}.Debug|x86.ActiveCfg = Debug|Any CPU
		{F6207E47-B771-4C2B-B963-BAF77C6FBEE9}.Release|Any CPU.ActiveCfg = Release|Any CPU
		{F6207E47-B771-4C2B-B963-BAF77C6FBEE9}.Release|Any CPU.Build.0 = Release|Any CPU
		{F6207E47-B771-4C2B-B963-BAF77C6FBEE9}.Release|ARM.ActiveCfg = Release|Any CPU
		{F6207E47-B771-4C2B-B963-BAF77C6FBEE9}.Release|iPhone.ActiveCfg = Release|Any CPU
		{F6207E47-B771-4C2B-B963-BAF77C6FBEE9}.Release|iPhoneSimulator.ActiveCfg = Release|Any CPU
		{F6207E47-B771-4C2B-B963-BAF77C6FBEE9}.Release|Mixed Platforms.ActiveCfg = Release|Any CPU
		{F6207E47-B771-4C2B-B963-BAF77C6FBEE9}.Release|Mixed Platforms.Build.0 = Release|Any CPU
		{F6207E47-B771-4C2B-B963-BAF77C6FBEE9}.Release|x86.ActiveCfg = Release|Any CPU
		{F6207E47-B771-4C2B-B963-BAF77C6FBEE9}.Staging|Any CPU.ActiveCfg = Debug|Any CPU
		{F6207E47-B771-4C2B-B963-BAF77C6FBEE9}.Staging|Any CPU.Build.0 = Debug|Any CPU
		{F6207E47-B771-4C2B-B963-BAF77C6FBEE9}.Staging|ARM.ActiveCfg = Release|Any CPU
		{F6207E47-B771-4C2B-B963-BAF77C6FBEE9}.Staging|iPhone.ActiveCfg = Release|Any CPU
		{F6207E47-B771-4C2B-B963-BAF77C6FBEE9}.Staging|iPhoneSimulator.ActiveCfg = Release|Any CPU
		{F6207E47-B771-4C2B-B963-BAF77C6FBEE9}.Staging|Mixed Platforms.ActiveCfg = Release|Any CPU
		{F6207E47-B771-4C2B-B963-BAF77C6FBEE9}.Staging|x86.ActiveCfg = Release|Any CPU
		{F6207E47-B771-4C2B-B963-BAF77C6FBEE9}.UAT|Any CPU.ActiveCfg = Debug|Any CPU
		{F6207E47-B771-4C2B-B963-BAF77C6FBEE9}.UAT|Any CPU.Build.0 = Debug|Any CPU
		{F6207E47-B771-4C2B-B963-BAF77C6FBEE9}.UAT|ARM.ActiveCfg = Release|Any CPU
		{F6207E47-B771-4C2B-B963-BAF77C6FBEE9}.UAT|iPhone.ActiveCfg = Release|Any CPU
		{F6207E47-B771-4C2B-B963-BAF77C6FBEE9}.UAT|iPhoneSimulator.ActiveCfg = Release|Any CPU
		{F6207E47-B771-4C2B-B963-BAF77C6FBEE9}.UAT|Mixed Platforms.ActiveCfg = Release|Any CPU
		{F6207E47-B771-4C2B-B963-BAF77C6FBEE9}.UAT|x86.ActiveCfg = Release|Any CPU
		{62F68C74-5BAE-4087-A31D-441A6352C5FB}.Debug|Any CPU.ActiveCfg = Debug|Any CPU
		{62F68C74-5BAE-4087-A31D-441A6352C5FB}.Debug|Any CPU.Build.0 = Debug|Any CPU
		{62F68C74-5BAE-4087-A31D-441A6352C5FB}.Debug|ARM.ActiveCfg = Debug|Any CPU
		{62F68C74-5BAE-4087-A31D-441A6352C5FB}.Debug|ARM.Build.0 = Debug|Any CPU
		{62F68C74-5BAE-4087-A31D-441A6352C5FB}.Debug|iPhone.ActiveCfg = Debug|Any CPU
		{62F68C74-5BAE-4087-A31D-441A6352C5FB}.Debug|iPhone.Build.0 = Debug|Any CPU
		{62F68C74-5BAE-4087-A31D-441A6352C5FB}.Debug|iPhoneSimulator.ActiveCfg = Debug|Any CPU
		{62F68C74-5BAE-4087-A31D-441A6352C5FB}.Debug|iPhoneSimulator.Build.0 = Debug|Any CPU
		{62F68C74-5BAE-4087-A31D-441A6352C5FB}.Debug|Mixed Platforms.ActiveCfg = Debug|Any CPU
		{62F68C74-5BAE-4087-A31D-441A6352C5FB}.Debug|Mixed Platforms.Build.0 = Debug|Any CPU
		{62F68C74-5BAE-4087-A31D-441A6352C5FB}.Debug|x86.ActiveCfg = Debug|Any CPU
		{62F68C74-5BAE-4087-A31D-441A6352C5FB}.Debug|x86.Build.0 = Debug|Any CPU
		{62F68C74-5BAE-4087-A31D-441A6352C5FB}.Release|Any CPU.ActiveCfg = Release|Any CPU
		{62F68C74-5BAE-4087-A31D-441A6352C5FB}.Release|Any CPU.Build.0 = Release|Any CPU
		{62F68C74-5BAE-4087-A31D-441A6352C5FB}.Release|ARM.ActiveCfg = Release|Any CPU
		{62F68C74-5BAE-4087-A31D-441A6352C5FB}.Release|ARM.Build.0 = Release|Any CPU
		{62F68C74-5BAE-4087-A31D-441A6352C5FB}.Release|iPhone.ActiveCfg = Release|Any CPU
		{62F68C74-5BAE-4087-A31D-441A6352C5FB}.Release|iPhone.Build.0 = Release|Any CPU
		{62F68C74-5BAE-4087-A31D-441A6352C5FB}.Release|iPhoneSimulator.ActiveCfg = Release|Any CPU
		{62F68C74-5BAE-4087-A31D-441A6352C5FB}.Release|iPhoneSimulator.Build.0 = Release|Any CPU
		{62F68C74-5BAE-4087-A31D-441A6352C5FB}.Release|Mixed Platforms.ActiveCfg = Release|Any CPU
		{62F68C74-5BAE-4087-A31D-441A6352C5FB}.Release|Mixed Platforms.Build.0 = Release|Any CPU
		{62F68C74-5BAE-4087-A31D-441A6352C5FB}.Release|x86.ActiveCfg = Release|Any CPU
		{62F68C74-5BAE-4087-A31D-441A6352C5FB}.Release|x86.Build.0 = Release|Any CPU
		{62F68C74-5BAE-4087-A31D-441A6352C5FB}.Staging|Any CPU.ActiveCfg = Release|Any CPU
		{62F68C74-5BAE-4087-A31D-441A6352C5FB}.Staging|Any CPU.Build.0 = Release|Any CPU
		{62F68C74-5BAE-4087-A31D-441A6352C5FB}.Staging|ARM.ActiveCfg = Release|Any CPU
		{62F68C74-5BAE-4087-A31D-441A6352C5FB}.Staging|ARM.Build.0 = Release|Any CPU
		{62F68C74-5BAE-4087-A31D-441A6352C5FB}.Staging|iPhone.ActiveCfg = Release|Any CPU
		{62F68C74-5BAE-4087-A31D-441A6352C5FB}.Staging|iPhone.Build.0 = Release|Any CPU
		{62F68C74-5BAE-4087-A31D-441A6352C5FB}.Staging|iPhoneSimulator.ActiveCfg = Release|Any CPU
		{62F68C74-5BAE-4087-A31D-441A6352C5FB}.Staging|iPhoneSimulator.Build.0 = Release|Any CPU
		{62F68C74-5BAE-4087-A31D-441A6352C5FB}.Staging|Mixed Platforms.ActiveCfg = Release|Any CPU
		{62F68C74-5BAE-4087-A31D-441A6352C5FB}.Staging|Mixed Platforms.Build.0 = Release|Any CPU
		{62F68C74-5BAE-4087-A31D-441A6352C5FB}.Staging|x86.ActiveCfg = Release|Any CPU
		{62F68C74-5BAE-4087-A31D-441A6352C5FB}.Staging|x86.Build.0 = Release|Any CPU
		{62F68C74-5BAE-4087-A31D-441A6352C5FB}.UAT|Any CPU.ActiveCfg = Release|Any CPU
		{62F68C74-5BAE-4087-A31D-441A6352C5FB}.UAT|Any CPU.Build.0 = Release|Any CPU
		{62F68C74-5BAE-4087-A31D-441A6352C5FB}.UAT|ARM.ActiveCfg = Release|Any CPU
		{62F68C74-5BAE-4087-A31D-441A6352C5FB}.UAT|ARM.Build.0 = Release|Any CPU
		{62F68C74-5BAE-4087-A31D-441A6352C5FB}.UAT|iPhone.ActiveCfg = Release|Any CPU
		{62F68C74-5BAE-4087-A31D-441A6352C5FB}.UAT|iPhone.Build.0 = Release|Any CPU
		{62F68C74-5BAE-4087-A31D-441A6352C5FB}.UAT|iPhoneSimulator.ActiveCfg = Release|Any CPU
		{62F68C74-5BAE-4087-A31D-441A6352C5FB}.UAT|iPhoneSimulator.Build.0 = Release|Any CPU
		{62F68C74-5BAE-4087-A31D-441A6352C5FB}.UAT|Mixed Platforms.ActiveCfg = Release|Any CPU
		{62F68C74-5BAE-4087-A31D-441A6352C5FB}.UAT|Mixed Platforms.Build.0 = Release|Any CPU
		{62F68C74-5BAE-4087-A31D-441A6352C5FB}.UAT|x86.ActiveCfg = Release|Any CPU
		{62F68C74-5BAE-4087-A31D-441A6352C5FB}.UAT|x86.Build.0 = Release|Any CPU
	EndGlobalSection
	GlobalSection(SolutionProperties) = preSolution
		HideSolutionNode = FALSE
	EndGlobalSection
EndGlobal
